github.com/antfie/veracode-go-api v0.0.0-20200625212828-d9130769edea h1:veSXpmC/mgxvbFkVbBpOymB0t+9uB74KBcZB/JQcDGE=
github.com/antfie/veracode-go-api v0.0.0-20200625212828-d9130769edea/go.mod h1:tKBTerCsfTAN6MR1Xzw9QGo20dYtNW3UWVIteVUGvdU=
github.com/antfie/veracode-go-hmac-authentication v1.0.0 h1:PxdLKpQknjFYRBB737zsq1K7ODLcWhiGxrtxiWcb5XY=
github.com/antfie/veracode-go-hmac-authentication v1.0.0/go.mod h1:eEWNRlbkOj3CNtDauUeOYHISJ8mn52PONuhxRtB9NcE=
gopkg.in/check.v1 v0.0.0-20161208181325-20d25e280405 h1:yhCVgyC4o1eVCa2tZl7eS0r+SDo693bJlVdllGtEeKM=
gopkg.in/check.v1 v0.0.0-20161208181325-20d25e280405/go.mod h1:Co6ibVJAznAaIkqp8huTwlJQCZ016jof/cbN4VW5Yz0=
gopkg.in/yaml.v3 v3.0.1 h1:fxVm/GzAzEWqLHuvctI91KS9hhNmmWOoWu0XTYJS7CA=
gopkg.in/yaml.v3 v3.0.1/go.mod h1:K4uyk7z7BCEPqu6E+C64Yfv1cQ7kz7rIZviUmN+EgEM=
